
Microsoft Visual Studio Solution File, Format Version 12.00
# Visual Studio Version 17
VisualStudioVersion = 17.14.36310.24 d17.14
MinimumVisualStudioVersion = 10.0.40219.1
Project("{FAE04EC0-301F-11D3-BF4B-00C04F79EFBC}") = "Country-Code", "Country-Code\Country-Code.csproj", "{B14F39DF-BA90-4514-A92C-747F594C8C7A}"
EndProject
Global
	GlobalSection(SolutionConfigurationPlatforms) = preSolution
		Debug|Any CPU = Debug|Any CPU
		Release|Any CPU = Release|Any CPU
	EndGlobalSection
	GlobalSection(ProjectConfigurationPlatforms) = postSolution
		{B14F39DF-BA90-4514-A92C-747F594C8C7A}.Debug|Any CPU.ActiveCfg = Debug|Any CPU
		{B14F39DF-BA90-4514-A92C-747F594C8C7A}.Debug|Any CPU.Build.0 = Debug|Any CPU
		{B14F39DF-BA90-4514-A92C-747F594C8C7A}.Release|Any CPU.ActiveCfg = Release|Any CPU
		{B14F39DF-BA90-4514-A92C-747F594C8C7A}.Release|Any CPU.Build.0 = Release|Any CPU
	EndGlobalSection
	GlobalSection(SolutionProperties) = preSolution
		HideSolutionNode = FALSE
	EndGlobalSection
	GlobalSection(ExtensibilityGlobals) = postSolution
		SolutionGuid = {56304018-7715-42D8-8D56-7067E6187362}
	EndGlobalSection
EndGlobal
